
Microsoft Visual Studio Solution File, Format Version 12.00
# Visual Studio 14
VisualStudioVersion = 14.0.25420.1
MinimumVisualStudioVersion = 10.0.40219.1
Project("{FAE04EC0-301F-11D3-BF4B-00C04F79EFBC}") = "CdmClienteApi", "CdmClienteApi\CdmClienteApi.csproj", "{568B129B-E451-487C-968A-1475DC625C37}"
EndProject
Project("{FAE04EC0-301F-11D3-BF4B-00C04F79EFBC}") = "Generico.Repositorio", "Generico.Repositorio\Generico.Repositorio.csproj", "{1AF38036-976E-4FB7-A98C-CEAA3D91173F}"
EndProject
Global
	GlobalSection(SolutionConfigurationPlatforms) = preSolution
		Debug|Any CPU = Debug|Any CPU
		Release|Any CPU = Release|Any CPU
	EndGlobalSection
	GlobalSection(ProjectConfigurationPlatforms) = postSolution
		{568B129B-E451-487C-968A-1475DC625C37}.Debug|Any CPU.ActiveCfg = Debug|Any CPU
		{568B129B-E451-487C-968A-1475DC625C37}.Debug|Any CPU.Build.0 = Debug|Any CPU
		{568B129B-E451-487C-968A-1475DC625C37}.Release|Any CPU.ActiveCfg = Release|Any CPU
		{568B129B-E451-487C-968A-1475DC625C37}.Release|Any CPU.Build.0 = Release|Any CPU
		{1AF38036-976E-4FB7-A98C-CEAA3D91173F}.Debug|Any CPU.ActiveCfg = Debug|Any CPU
		{1AF38036-976E-4FB7-A98C-CEAA3D91173F}.Debug|Any CPU.Build.0 = Debug|Any CPU
		{1AF38036-976E-4FB7-A98C-CEAA3D91173F}.Release|Any CPU.ActiveCfg = Release|Any CPU
		{1AF38036-976E-4FB7-A98C-CEAA3D91173F}.Release|Any CPU.Build.0 = Release|Any CPU
	EndGlobalSection
	GlobalSection(SolutionProperties) = preSolution
		HideSolutionNode = FALSE
	EndGlobalSection
EndGlobal
